
Microsoft Visual Studio Solution File, Format Version 11.00
# Visual Studio 2010
Project("{FAE04EC0-301F-11D3-BF4B-00C04F79EFBC}") = "Puzzle", "Puzzle\Puzzle.csproj", "{C2074B1D-ED0A-469A-999A-62FD466B2A73}"
EndProject
Global
	GlobalSection(SolutionConfigurationPlatforms) = preSolution
		Debug|Any CPU = Debug|Any CPU
		Release|Any CPU = Release|Any CPU
	EndGlobalSection
	GlobalSection(ProjectConfigurationPlatforms) = postSolution
		{C2074B1D-ED0A-469A-999A-62FD466B2A73}.Debug|Any CPU.ActiveCfg = Debug|Any CPU
		{C2074B1D-ED0A-469A-999A-62FD466B2A73}.Debug|Any CPU.Build.0 = Debug|Any CPU
		{C2074B1D-ED0A-469A-999A-62FD466B2A73}.Release|Any CPU.ActiveCfg = Release|Any CPU
		{C2074B1D-ED0A-469A-999A-62FD466B2A73}.Release|Any CPU.Build.0 = Release|Any CPU
	EndGlobalSection
	GlobalSection(SolutionProperties) = preSolution
		HideSolutionNode = FALSE
	EndGlobalSection
EndGlobal
